
Microsoft Visual Studio Solution File, Format Version 12.00
# Visual Studio 15
Project("{FAE04EC0-301F-11D3-BF4B-00C04F79EFBC}") = "MicrosoftDocumentation", "MicrosoftDocumentation\MicrosoftDocumentation.csproj", "{28A4848F-6231-4FE9-8414-CD43F082083B}"
EndProject
Global
	GlobalSection(SolutionConfigurationPlatforms) = preSolution
		Debug|Any CPU = Debug|Any CPU
		Release|Any CPU = Release|Any CPU
	EndGlobalSection
	GlobalSection(ProjectConfigurationPlatforms) = postSolution
		{28A4848F-6231-4FE9-8414-CD43F082083B}.Debug|Any CPU.ActiveCfg = Debug|Any CPU
		{28A4848F-6231-4FE9-8414-CD43F082083B}.Debug|Any CPU.Build.0 = Debug|Any CPU
		{28A4848F-6231-4FE9-8414-CD43F082083B}.Release|Any CPU.ActiveCfg = Release|Any CPU
		{28A4848F-6231-4FE9-8414-CD43F082083B}.Release|Any CPU.Build.0 = Release|Any CPU
	EndGlobalSection
EndGlobal
